// !$*UTF8*$!
{
	archiveVersion = 1;
	classes = {
	};
	objectVersion = 50;
	objects = {

/* Begin PBXBuildFile section */
		07A2A71A263449B700CC7B95 /* AppDelegate.swift in Sources */ = {isa = PBXBuildFile; fileRef = 07A2A719263449B700CC7B95 /* AppDelegate.swift */; };
		07A2A71E263449B700CC7B95 /* ViewController.swift in Sources */ = {isa = PBXBuildFile; fileRef = 07A2A71D263449B700CC7B95 /* ViewController.swift */; };
		07A2A721263449B700CC7B95 /* Main.storyboard in Resources */ = {isa = PBXBuildFile; fileRef = 07A2A71F263449B700CC7B95 /* Main.storyboard */; };
		07A2A723263449B800CC7B95 /* Assets.xcassets in Resources */ = {isa = PBXBuildFile; fileRef = 07A2A722263449B800CC7B95 /* Assets.xcassets */; };
		07A2A726263449B800CC7B95 /* LaunchScreen.storyboard in Resources */ = {isa = PBXBuildFile; fileRef = 07A2A724263449B800CC7B95 /* LaunchScreen.storyboard */; };
		07A2A731263449B800CC7B95 /* SwiftPlacesTests.swift in Sources */ = {isa = PBXBuildFile; fileRef = 07A2A730263449B800CC7B95 /* SwiftPlacesTests.swift */; };
		07A2A73C263449B800CC7B95 /* SwiftPlacesUITests.swift in Sources */ = {isa = PBXBuildFile; fileRef = 07A2A73B263449B800CC7B95 /* SwiftPlacesUITests.swift */; };
/* End PBXBuildFile section */

/* Begin PBXContainerItemProxy section */
		07A2A72D263449B800CC7B95 /* PBXContainerItemProxy */ = {
			isa = PBXContainerItemProxy;
			containerPortal = 07A2A70E263449B700CC7B95 /* Project object */;
			proxyType = 1;
			remoteGlobalIDString = 07A2A715263449B700CC7B95;
			remoteInfo = SwiftPlaces;
		};
		07A2A738263449B800CC7B95 /* PBXContainerItemProxy */ = {
			isa = PBXContainerItemProxy;
			containerPortal = 07A2A70E263449B700CC7B95 /* Project object */;
			proxyType = 1;
			remoteGlobalIDString = 07A2A715263449B700CC7B95;
			remoteInfo = SwiftPlaces;
		};
/* End PBXContainerItemProxy section */

/* Begin PBXFileReference section */
		07A2A716263449B700CC7B95 /* SwiftPlaces.app */ = {isa = PBXFileReference; explicitFileType = wrapper.application; includeInIndex = 0; path = SwiftPlaces.app; sourceTree = BUILT_PRODUCTS_DIR; };
		07A2A719263449B700CC7B95 /* AppDelegate.swift */ = {isa = PBXFileReference; lastKnownFileType = sourcecode.swift; path = AppDelegate.swift; sourceTree = "<group>"; };
		07A2A71D263449B700CC7B95 /* ViewController.swift */ = {isa = PBXFileReference; lastKnownFileType = sourcecode.swift; path = ViewController.swift; sourceTree = "<group>"; };
		07A2A720263449B700CC7B95 /* Base */ = {isa = PBXFileReference; lastKnownFileType = file.storyboard; name = Base; path = Base.lproj/Main.storyboard; sourceTree = "<group>"; };
		07A2A722263449B800CC7B95 /* Assets.xcassets */ = {isa = PBXFileReference; lastKnownFileType = folder.assetcatalog; path = Assets.xcassets; sourceTree = "<group>"; };
		07A2A725263449B800CC7B95 /* Base */ = {isa = PBXFileReference; lastKnownFileType = file.storyboard; name = Base; path = Base.lproj/LaunchScreen.storyboard; sourceTree = "<group>"; };
		07A2A727263449B800CC7B95 /* Info.plist */ = {isa = PBXFileReference; lastKnownFileType = text.plist.xml; path = Info.plist; sourceTree = "<group>"; };
		07A2A72C263449B800CC7B95 /* SwiftPlacesTests.xctest */ = {isa = PBXFileReference; explicitFileType = wrapper.cfbundle; includeInIndex = 0; path = SwiftPlacesTests.xctest; sourceTree = BUILT_PRODUCTS_DIR; };
		07A2A730263449B800CC7B95 /* SwiftPlacesTests.swift */ = {isa = PBXFileReference; lastKnownFileType = sourcecode.swift; path = SwiftPlacesTests.swift; sourceTree = "<group>"; };
		07A2A732263449B800CC7B95 /* Info.plist */ = {isa = PBXFileReference; lastKnownFileType = text.plist.xml; path = Info.plist; sourceTree = "<group>"; };
		07A2A737263449B800CC7B95 /* SwiftPlacesUITests.xctest */ = {isa = PBXFileReference; explicitFileType = wrapper.cfbundle; includeInIndex = 0; path = SwiftPlacesUITests.xctest; sourceTree = BUILT_PRODUCTS_DIR; };
		07A2A73B263449B800CC7B95 /* SwiftPlacesUITests.swift */ = {isa = PBXFileReference; lastKnownFileType = sourcecode.swift; path = SwiftPlacesUITests.swift; sourceTree = "<group>"; };
		07A2A73D263449B800CC7B95 /* Info.plist */ = {isa = PBXFileReference; lastKnownFileType = text.plist.xml; path = Info.plist; sourceTree = "<group>"; };
/* End PBXFileReference section */

/* Begin PBXFrameworksBuildPhase section */
		07A2A713263449B700CC7B95 /* Frameworks */ = {
			isa = PBXFrameworksBuildPhase;
			buildActionMask = 2147483647;
			files = (
			);
			runOnlyForDeploymentPostprocessing = 0;
		};
		07A2A729263449B800CC7B95 /* Frameworks */ = {
			isa = PBXFrameworksBuildPhase;
			buildActionMask = 2147483647;
			files = (
			);
			runOnlyForDeploymentPostprocessing = 0;
		};
		07A2A734263449B800CC7B95 /* Frameworks */ = {
			isa = PBXFrameworksBuildPhase;
			buildActionMask = 2147483647;
			files = (
			);
			runOnlyForDeploymentPostprocessing = 0;
		};
/* End PBXFrameworksBuildPhase section */

/* Begin PBXGroup section */
		07A2A70D263449B700CC7B95 = {
			isa = PBXGroup;
			children = (
				07A2A718263449B700CC7B95 /* SwiftPlaces */,
				07A2A72F263449B800CC7B95 /* SwiftPlacesTests */,
				07A2A73A263449B800CC7B95 /* SwiftPlacesUITests */,
				07A2A717263449B700CC7B95 /* Products */,
			);
			sourceTree = "<group>";
		};
		07A2A717263449B700CC7B95 /* Products */ = {
			isa = PBXGroup;
			children = (
				07A2A716263449B700CC7B95 /* SwiftPlaces.app */,
				07A2A72C263449B800CC7B95 /* SwiftPlacesTests.xctest */,
				07A2A737263449B800CC7B95 /* SwiftPlacesUITests.xctest */,
			);
			name = Products;
			sourceTree = "<group>";
		};
		07A2A718263449B700CC7B95 /* SwiftPlaces */ = {
			isa = PBXGroup;
			children = (
				07A2A75426344AFE00CC7B95 /* Service */,
				07A2A75326344AF900CC7B95 /* Model */,
				07A2A75226344AEF00CC7B95 /* View */,
				07A2A75126344AE400CC7B95 /* Presenter */,
				07A2A75026344ADE00CC7B95 /* Resources */,
				07A2A74F26344ACB00CC7B95 /* App */,
			);
			path = SwiftPlaces;
			sourceTree = "<group>";
		};
		07A2A72F263449B800CC7B95 /* SwiftPlacesTests */ = {
			isa = PBXGroup;
			children = (
				07A2A730263449B800CC7B95 /* SwiftPlacesTests.swift */,
				07A2A732263449B800CC7B95 /* Info.plist */,
			);
			path = SwiftPlacesTests;
			sourceTree = "<group>";
		};
		07A2A73A263449B800CC7B95 /* SwiftPlacesUITests */ = {
			isa = PBXGroup;
			children = (
				07A2A73B263449B800CC7B95 /* SwiftPlacesUITests.swift */,
				07A2A73D263449B800CC7B95 /* Info.plist */,
			);
			path = SwiftPlacesUITests;
			sourceTree = "<group>";
		};
		07A2A74F26344ACB00CC7B95 /* App */ = {
			isa = PBXGroup;
			children = (
				07A2A727263449B800CC7B95 /* Info.plist */,
				07A2A719263449B700CC7B95 /* AppDelegate.swift */,
			);
			path = App;
			sourceTree = "<group>";
		};
		07A2A75026344ADE00CC7B95 /* Resources */ = {
			isa = PBXGroup;
			children = (
				07A2A722263449B800CC7B95 /* Assets.xcassets */,
			);
			path = Resources;
			sourceTree = "<group>";
		};
		07A2A75126344AE400CC7B95 /* Presenter */ = {
			isa = PBXGroup;
			children = (
			);
			path = Presenter;
			sourceTree = "<group>";
		};
		07A2A75226344AEF00CC7B95 /* View */ = {
			isa = PBXGroup;
			children = (
				07A2A71D263449B700CC7B95 /* ViewController.swift */,
				07A2A71F263449B700CC7B95 /* Main.storyboard */,
				07A2A724263449B800CC7B95 /* LaunchScreen.storyboard */,
			);
			path = View;
			sourceTree = "<group>";
		};
		07A2A75326344AF900CC7B95 /* Model */ = {
			isa = PBXGroup;
			children = (
			);
			path = Model;
			sourceTree = "<group>";
		};
		07A2A75426344AFE00CC7B95 /* Service */ = {
			isa = PBXGroup;
			children = (
			);
			path = Service;
			sourceTree = "<group>";
		};
/* End PBXGroup section */

/* Begin PBXNativeTarget section */
		07A2A715263449B700CC7B95 /* SwiftPlaces */ = {
			isa = PBXNativeTarget;
			buildConfigurationList = 07A2A740263449B800CC7B95 /* Build configuration list for PBXNativeTarget "SwiftPlaces" */;
			buildPhases = (
				07A2A712263449B700CC7B95 /* Sources */,
				07A2A713263449B700CC7B95 /* Frameworks */,
				07A2A714263449B700CC7B95 /* Resources */,
			);
			buildRules = (
			);
			dependencies = (
			);
			name = SwiftPlaces;
			productName = SwiftPlaces;
			productReference = 07A2A716263449B700CC7B95 /* SwiftPlaces.app */;
			productType = "com.apple.product-type.application";
		};
		07A2A72B263449B800CC7B95 /* SwiftPlacesTests */ = {
			isa = PBXNativeTarget;
			buildConfigurationList = 07A2A743263449B800CC7B95 /* Build configuration list for PBXNativeTarget "SwiftPlacesTests" */;
			buildPhases = (
				07A2A728263449B800CC7B95 /* Sources */,
				07A2A729263449B800CC7B95 /* Frameworks */,
				07A2A72A263449B800CC7B95 /* Resources */,
			);
			buildRules = (
			);
			dependencies = (
				07A2A72E263449B800CC7B95 /* PBXTargetDependency */,
			);
			name = SwiftPlacesTests;
			productName = SwiftPlacesTests;
			productReference = 07A2A72C263449B800CC7B95 /* SwiftPlacesTests.xctest */;
			productType = "com.apple.product-type.bundle.unit-test";
		};
		07A2A736263449B800CC7B95 /* SwiftPlacesUITests */ = {
			isa = PBXNativeTarget;
			buildConfigurationList = 07A2A746263449B800CC7B95 /* Build configuration list for PBXNativeTarget "SwiftPlacesUITests" */;
			buildPhases = (
				07A2A733263449B800CC7B95 /* Sources */,
				07A2A734263449B800CC7B95 /* Frameworks */,
				07A2A735263449B800CC7B95 /* Resources */,
			);
			buildRules = (
			);
			dependencies = (
				07A2A739263449B800CC7B95 /* PBXTargetDependency */,
			);
			name = SwiftPlacesUITests;
			productName = SwiftPlacesUITests;
			productReference = 07A2A737263449B800CC7B95 /* SwiftPlacesUITests.xctest */;
			productType = "com.apple.product-type.bundle.ui-testing";
		};
/* End PBXNativeTarget section */

/* Begin PBXProject section */
		07A2A70E263449B700CC7B95 /* Project object */ = {
			isa = PBXProject;
			attributes = {
				LastSwiftUpdateCheck = 1240;
				LastUpgradeCheck = 1240;
				TargetAttributes = {
					07A2A715263449B700CC7B95 = {
						CreatedOnToolsVersion = 12.4;
					};
					07A2A72B263449B800CC7B95 = {
						CreatedOnToolsVersion = 12.4;
						TestTargetID = 07A2A715263449B700CC7B95;
					};
					07A2A736263449B800CC7B95 = {
						CreatedOnToolsVersion = 12.4;
						TestTargetID = 07A2A715263449B700CC7B95;
					};
				};
			};
			buildConfigurationList = 07A2A711263449B700CC7B95 /* Build configuration list for PBXProject "SwiftPlaces" */;
			compatibilityVersion = "Xcode 9.3";
			developmentRegion = en;
			hasScannedForEncodings = 0;
			knownRegions = (
				en,
				Base,
			);
			mainGroup = 07A2A70D263449B700CC7B95;
			productRefGroup = 07A2A717263449B700CC7B95 /* Products */;
			projectDirPath = "";
			projectRoot = "";
			targets = (
				07A2A715263449B700CC7B95 /* SwiftPlaces */,
				07A2A72B263449B800CC7B95 /* SwiftPlacesTests */,
				07A2A736263449B800CC7B95 /* SwiftPlacesUITests */,
			);
		};
/* End PBXProject section */

/* Begin PBXResourcesBuildPhase section */
		07A2A714263449B700CC7B95 /* Resources */ = {
			isa = PBXResourcesBuildPhase;
			buildActionMask = 2147483647;
			files = (
				07A2A726263449B800CC7B95 /* LaunchScreen.storyboard in Resources */,
				07A2A723263449B800CC7B95 /* Assets.xcassets in Resources */,
				07A2A721263449B700CC7B95 /* Main.storyboard in Resources */,
			);
			runOnlyForDeploymentPostprocessing = 0;
		};
		07A2A72A263449B800CC7B95 /* Resources */ = {
			isa = PBXResourcesBuildPhase;
			buildActionMask = 2147483647;
			files = (
			);
			runOnlyForDeploymentPostprocessing = 0;
		};
		07A2A735263449B800CC7B95 /* Resources */ = {
			isa = PBXResourcesBuildPhase;
			buildActionMask = 2147483647;
			files = (
			);
			runOnlyForDeploymentPostprocessing = 0;
		};
/* End PBXResourcesBuildPhase section */

/* Begin PBXSourcesBuildPhase section */
		07A2A712263449B700CC7B95 /* Sources */ = {
			isa = PBXSourcesBuildPhase;
			buildActionMask = 2147483647;
			files = (
				07A2A71E263449B700CC7B95 /* ViewController.swift in Sources */,
				07A2A71A263449B700CC7B95 /* AppDelegate.swift in Sources */,
			);
			runOnlyForDeploymentPostprocessing = 0;
		};
		07A2A728263449B800CC7B95 /* Sources */ = {
			isa = PBXSourcesBuildPhase;
			buildActionMask = 2147483647;
			files = (
				07A2A731263449B800CC7B95 /* SwiftPlacesTests.swift in Sources */,
			);
			runOnlyForDeploymentPostprocessing = 0;
		};
		07A2A733263449B800CC7B95 /* Sources */ = {
			isa = PBXSourcesBuildPhase;
			buildActionMask = 2147483647;
			files = (
				07A2A73C263449B800CC7B95 /* SwiftPlacesUITests.swift in Sources */,
			);
			runOnlyForDeploymentPostprocessing = 0;
		};
/* End PBXSourcesBuildPhase section */

/* Begin PBXTargetDependency section */
		07A2A72E263449B800CC7B95 /* PBXTargetDependency */ = {
			isa = PBXTargetDependency;
			target = 07A2A715263449B700CC7B95 /* SwiftPlaces */;
			targetProxy = 07A2A72D263449B800CC7B95 /* PBXContainerItemProxy */;
		};
		07A2A739263449B800CC7B95 /* PBXTargetDependency */ = {
			isa = PBXTargetDependency;
			target = 07A2A715263449B700CC7B95 /* SwiftPlaces */;
			targetProxy = 07A2A738263449B800CC7B95 /* PBXContainerItemProxy */;
		};
/* End PBXTargetDependency section */

/* Begin PBXVariantGroup section */
		07A2A71F263449B700CC7B95 /* Main.storyboard */ = {
			isa = PBXVariantGroup;
			children = (
				07A2A720263449B700CC7B95 /* Base */,
			);
			name = Main.storyboard;
			sourceTree = "<group>";
		};
		07A2A724263449B800CC7B95 /* LaunchScreen.storyboard */ = {
			isa = PBXVariantGroup;
			children = (
				07A2A725263449B800CC7B95 /* Base */,
			);
			name = LaunchScreen.storyboard;
			sourceTree = "<group>";
		};
/* End PBXVariantGroup section */

/* Begin XCBuildConfiguration section */
		07A2A73E263449B800CC7B95 /* Debug */ = {
			isa = XCBuildConfiguration;
			buildSettings = {
				ALWAYS_SEARCH_USER_PATHS = NO;
				CLANG_ANALYZER_NONNULL = YES;
				CLANG_ANALYZER_NUMBER_OBJECT_CONVERSION = YES_AGGRESSIVE;
				CLANG_CXX_LANGUAGE_STANDARD = "gnu++14";
				CLANG_CXX_LIBRARY = "libc++";
				CLANG_ENABLE_MODULES = YES;
				CLANG_ENABLE_OBJC_ARC = YES;
				CLANG_ENABLE_OBJC_WEAK = YES;
				CLANG_WARN_BLOCK_CAPTURE_AUTORELEASING = YES;
				CLANG_WARN_BOOL_CONVERSION = YES;
				CLANG_WARN_COMMA = YES;
				CLANG_WARN_CONSTANT_CONVERSION = YES;
				CLANG_WARN_DEPRECATED_OBJC_IMPLEMENTATIONS = YES;
				CLANG_WARN_DIRECT_OBJC_ISA_USAGE = YES_ERROR;
				CLANG_WARN_DOCUMENTATION_COMMENTS = YES;
				CLANG_WARN_EMPTY_BODY = YES;
				CLANG_WARN_ENUM_CONVERSION = YES;
				CLANG_WARN_INFINITE_RECURSION = YES;
				CLANG_WARN_INT_CONVERSION = YES;
				CLANG_WARN_NON_LITERAL_NULL_CONVERSION = YES;
				CLANG_WARN_OBJC_IMPLICIT_RETAIN_SELF = YES;
				CLANG_WARN_OBJC_LITERAL_CONVERSION = YES;
				CLANG_WARN_OBJC_ROOT_CLASS = YES_ERROR;
				CLANG_WARN_QUOTED_INCLUDE_IN_FRAMEWORK_HEADER = YES;
				CLANG_WARN_RANGE_LOOP_ANALYSIS = YES;
				CLANG_WARN_STRICT_PROTOTYPES = YES;
				CLANG_WARN_SUSPICIOUS_MOVE = YES;
				CLANG_WARN_UNGUARDED_AVAILABILITY = YES_AGGRESSIVE;
				CLANG_WARN_UNREACHABLE_CODE = YES;
				CLANG_WARN__DUPLICATE_METHOD_MATCH = YES;
				COPY_PHASE_STRIP = NO;
				DEBUG_INFORMATION_FORMAT = dwarf;
				ENABLE_STRICT_OBJC_MSGSEND = YES;
				ENABLE_TESTABILITY = YES;
				GCC_C_LANGUAGE_STANDARD = gnu11;
				GCC_DYNAMIC_NO_PIC = NO;
				GCC_NO_COMMON_BLOCKS = YES;
				GCC_OPTIMIZATION_LEVEL = 0;
				GCC_PREPROCESSOR_DEFINITIONS = (
					"DEBUG=1",
					"$(inherited)",
				);
				GCC_WARN_64_TO_32_BIT_CONVERSION = YES;
				GCC_WARN_ABOUT_RETURN_TYPE = YES_ERROR;
				GCC_WARN_UNDECLARED_SELECTOR = YES;
				GCC_WARN_UNINITIALIZED_AUTOS = YES_AGGRESSIVE;
				GCC_WARN_UNUSED_FUNCTION = YES;
				GCC_WARN_UNUSED_VARIABLE = YES;
				IPHONEOS_DEPLOYMENT_TARGET = 14.4;
				MTL_ENABLE_DEBUG_INFO = INCLUDE_SOURCE;
				MTL_FAST_MATH = YES;
				ONLY_ACTIVE_ARCH = YES;
				SDKROOT = iphoneos;
				SWIFT_ACTIVE_COMPILATION_CONDITIONS = DEBUG;
				SWIFT_OPTIMIZATION_LEVEL = "-Onone";
			};
			name = Debug;
		};
		07A2A73F263449B800CC7B95 /* Release */ = {
			isa = XCBuildConfiguration;
			buildSettings = {
				ALWAYS_SEARCH_USER_PATHS = NO;
				CLANG_ANALYZER_NONNULL = YES;
				CLANG_ANALYZER_NUMBER_OBJECT_CONVERSION = YES_AGGRESSIVE;
				CLANG_CXX_LANGUAGE_STANDARD = "gnu++14";
				CLANG_CXX_LIBRARY = "libc++";
				CLANG_ENABLE_MODULES = YES;
				CLANG_ENABLE_OBJC_ARC = YES;
				CLANG_ENABLE_OBJC_WEAK = YES;
				CLANG_WARN_BLOCK_CAPTURE_AUTORELEASING = YES;
				CLANG_WARN_BOOL_CONVERSION = YES;
				CLANG_WARN_COMMA = YES;
				CLANG_WARN_CONSTANT_CONVERSION = YES;
				CLANG_WARN_DEPRECATED_OBJC_IMPLEMENTATIONS = YES;
				CLANG_WARN_DIRECT_OBJC_ISA_USAGE = YES_ERROR;
				CLANG_WARN_DOCUMENTATION_COMMENTS = YES;
				CLANG_WARN_EMPTY_BODY = YES;
				CLANG_WARN_ENUM_CONVERSION = YES;
				CLANG_WARN_INFINITE_RECURSION = YES;
				CLANG_WARN_INT_CONVERSION = YES;
				CLANG_WARN_NON_LITERAL_NULL_CONVERSION = YES;
				CLANG_WARN_OBJC_IMPLICIT_RETAIN_SELF = YES;
				CLANG_WARN_OBJC_LITERAL_CONVERSION = YES;
				CLANG_WARN_OBJC_ROOT_CLASS = YES_ERROR;
				CLANG_WARN_QUOTED_INCLUDE_IN_FRAMEWORK_HEADER = YES;
				CLANG_WARN_RANGE_LOOP_ANALYSIS = YES;
				CLANG_WARN_STRICT_PROTOTYPES = YES;
				CLANG_WARN_SUSPICIOUS_MOVE = YES;
				CLANG_WARN_UNGUARDED_AVAILABILITY = YES_AGGRESSIVE;
				CLANG_WARN_UNREACHABLE_CODE = YES;
				CLANG_WARN__DUPLICATE_METHOD_MATCH = YES;
				COPY_PHASE_STRIP = NO;
				DEBUG_INFORMATION_FORMAT = "dwarf-with-dsym";
				ENABLE_NS_ASSERTIONS = NO;
				ENABLE_STRICT_OBJC_MSGSEND = YES;
				GCC_C_LANGUAGE_STANDARD = gnu11;
				GCC_NO_COMMON_BLOCKS = YES;
				GCC_WARN_64_TO_32_BIT_CONVERSION = YES;
				GCC_WARN_ABOUT_RETURN_TYPE = YES_ERROR;
				GCC_WARN_UNDECLARED_SELECTOR = YES;
				GCC_WARN_UNINITIALIZED_AUTOS = YES_AGGRESSIVE;
				GCC_WARN_UNUSED_FUNCTION = YES;
				GCC_WARN_UNUSED_VARIABLE = YES;
				IPHONEOS_DEPLOYMENT_TARGET = 14.4;
				MTL_ENABLE_DEBUG_INFO = NO;
				MTL_FAST_MATH = YES;
				SDKROOT = iphoneos;
				SWIFT_COMPILATION_MODE = wholemodule;
				SWIFT_OPTIMIZATION_LEVEL = "-O";
				VALIDATE_PRODUCT = YES;
			};
			name = Release;
		};
		07A2A741263449B800CC7B95 /* Debug */ = {
			isa = XCBuildConfiguration;
			buildSettings = {
				ASSETCATALOG_COMPILER_APPICON_NAME = AppIcon;
				ASSETCATALOG_COMPILER_GLOBAL_ACCENT_COLOR_NAME = AccentColor;
				CODE_SIGN_STYLE = Automatic;
				DEVELOPMENT_TEAM = NBU5KYTB66;
				INFOPLIST_FILE = SwiftPlaces/App/Info.plist;
				LD_RUNPATH_SEARCH_PATHS = (
					"$(inherited)",
					"@executable_path/Frameworks",
				);
				PRODUCT_BUNDLE_IDENTIFIER = br.com.gof.SwiftPlaces;
				PRODUCT_NAME = "$(TARGET_NAME)";
				SWIFT_VERSION = 5.0;
				TARGETED_DEVICE_FAMILY = "1,2";
			};
			name = Debug;
		};
		07A2A742263449B800CC7B95 /* Release */ = {
			isa = XCBuildConfiguration;
			buildSettings = {
				ASSETCATALOG_COMPILER_APPICON_NAME = AppIcon;
				ASSETCATALOG_COMPILER_GLOBAL_ACCENT_COLOR_NAME = AccentColor;
				CODE_SIGN_STYLE = Automatic;
				DEVELOPMENT_TEAM = NBU5KYTB66;
				INFOPLIST_FILE = SwiftPlaces/App/Info.plist;
				LD_RUNPATH_SEARCH_PATHS = (
					"$(inherited)",
					"@executable_path/Frameworks",
				);
				PRODUCT_BUNDLE_IDENTIFIER = br.com.gof.SwiftPlaces;
				PRODUCT_NAME = "$(TARGET_NAME)";
				SWIFT_VERSION = 5.0;
				TARGETED_DEVICE_FAMILY = "1,2";
			};
			name = Release;
		};
		07A2A744263449B800CC7B95 /* Debug */ = {
			isa = XCBuildConfiguration;
			buildSettings = {
				ALWAYS_EMBED_SWIFT_STANDARD_LIBRARIES = YES;
				BUNDLE_LOADER = "$(TEST_HOST)";
				CODE_SIGN_STYLE = Automatic;
				DEVELOPMENT_TEAM = NBU5KYTB66;
				INFOPLIST_FILE = SwiftPlacesTests/Info.plist;
				IPHONEOS_DEPLOYMENT_TARGET = 14.4;
				LD_RUNPATH_SEARCH_PATHS = (
					"$(inherited)",
					"@executable_path/Frameworks",
					"@loader_path/Frameworks",
				);
				PRODUCT_BUNDLE_IDENTIFIER = br.com.gof.SwiftPlacesTests;
				PRODUCT_NAME = "$(TARGET_NAME)";
				SWIFT_VERSION = 5.0;
				TARGETED_DEVICE_FAMILY = "1,2";
				TEST_HOST = "$(BUILT_PRODUCTS_DIR)/SwiftPlaces.app/SwiftPlaces";
			};
			name = Debug;
		};
		07A2A745263449B800CC7B95 /* Release */ = {
			isa = XCBuildConfiguration;
			buildSettings = {
				ALWAYS_EMBED_SWIFT_STANDARD_LIBRARIES = YES;
				BUNDLE_LOADER = "$(TEST_HOST)";
				CODE_SIGN_STYLE = Automatic;
				DEVELOPMENT_TEAM = NBU5KYTB66;
				INFOPLIST_FILE = SwiftPlacesTests/Info.plist;
				IPHONEOS_DEPLOYMENT_TARGET = 14.4;
				LD_RUNPATH_SEARCH_PATHS = (
					"$(inherited)",
					"@executable_path/Frameworks",
					"@loader_path/Frameworks",
				);
				PRODUCT_BUNDLE_IDENTIFIER = br.com.gof.SwiftPlacesTests;
				PRODUCT_NAME = "$(TARGET_NAME)";
				SWIFT_VERSION = 5.0;
				TARGETED_DEVICE_FAMILY = "1,2";
				TEST_HOST = "$(BUILT_PRODUCTS_DIR)/SwiftPlaces.app/SwiftPlaces";
			};
			name = Release;
		};
		07A2A747263449B800CC7B95 /* Debug */ = {
			isa = XCBuildConfiguration;
			buildSettings = {
				ALWAYS_EMBED_SWIFT_STANDARD_LIBRARIES = YES;
				CODE_SIGN_STYLE = Automatic;
				DEVELOPMENT_TEAM = NBU5KYTB66;
				INFOPLIST_FILE = SwiftPlacesUITests/Info.plist;
				LD_RUNPATH_SEARCH_PATHS = (
					"$(inherited)",
					"@executable_path/Frameworks",
					"@loader_path/Frameworks",
				);
				PRODUCT_BUNDLE_IDENTIFIER = br.com.gof.SwiftPlacesUITests;
				PRODUCT_NAME = "$(TARGET_NAME)";
				SWIFT_VERSION = 5.0;
				TARGETED_DEVICE_FAMILY = "1,2";
				TEST_TARGET_NAME = SwiftPlaces;
			};
			name = Debug;
		};
		07A2A748263449B800CC7B95 /* Release */ = {
			isa = XCBuildConfiguration;
			buildSettings = {
				ALWAYS_EMBED_SWIFT_STANDARD_LIBRARIES = YES;
				CODE_SIGN_STYLE = Automatic;
				DEVELOPMENT_TEAM = NBU5KYTB66;
				INFOPLIST_FILE = SwiftPlacesUITests/Info.plist;
				LD_RUNPATH_SEARCH_PATHS = (
					"$(inherited)",
					"@executable_path/Frameworks",
					"@loader_path/Frameworks",
				);
				PRODUCT_BUNDLE_IDENTIFIER = br.com.gof.SwiftPlacesUITests;
				PRODUCT_NAME = "$(TARGET_NAME)";
				SWIFT_VERSION = 5.0;
				TARGETED_DEVICE_FAMILY = "1,2";
				TEST_TARGET_NAME = SwiftPlaces;
			};
			name = Release;
		};
/* End XCBuildConfiguration section */

/* Begin XCConfigurationList section */
		07A2A711263449B700CC7B95 /* Build configuration list for PBXProject "SwiftPlaces" */ = {
			isa = XCConfigurationList;
			buildConfigurations = (
				07A2A73E263449B800CC7B95 /* Debug */,
				07A2A73F263449B800CC7B95 /* Release */,
			);
			defaultConfigurationIsVisible = 0;
			defaultConfigurationName = Release;
		};
		07A2A740263449B800CC7B95 /* Build configuration list for PBXNativeTarget "SwiftPlaces" */ = {
			isa = XCConfigurationList;
			buildConfigurations = (
				07A2A741263449B800CC7B95 /* Debug */,
				07A2A742263449B800CC7B95 /* Release */,
			);
			defaultConfigurationIsVisible = 0;
			defaultConfigurationName = Release;
		};
		07A2A743263449B800CC7B95 /* Build configuration list for PBXNativeTarget "SwiftPlacesTests" */ = {
			isa = XCConfigurationList;
			buildConfigurations = (
				07A2A744263449B800CC7B95 /* Debug */,
				07A2A745263449B800CC7B95 /* Release */,
			);
			defaultConfigurationIsVisible = 0;
			defaultConfigurationName = Release;
		};
		07A2A746263449B800CC7B95 /* Build configuration list for PBXNativeTarget "SwiftPlacesUITests" */ = {
			isa = XCConfigurationList;
			buildConfigurations = (
				07A2A747263449B800CC7B95 /* Debug */,
				07A2A748263449B800CC7B95 /* Release */,
			);
			defaultConfigurationIsVisible = 0;
			defaultConfigurationName = Release;
		};
/* End XCConfigurationList section */
	};
	rootObject = 07A2A70E263449B700CC7B95 /* Project object */;
}
